
Microsoft Visual Studio Solution File, Format Version 11.00
# Visual Studio 2010
Project("{FAE04EC0-301F-11D3-BF4B-00C04F79EFBC}") = "PipeBaseFire", "Assembly-CSharp.csproj", "{B9C86DD3-DC7C-6452-9E3B-FBEF0B0C208F}"
EndProject
Project("{FAE04EC0-301F-11D3-BF4B-00C04F79EFBC}") = "PipeBaseFire", "Assembly-CSharp-Editor.csproj", "{055EE258-B7A0-3941-AD86-E40B66B1734E}"
EndProject
Global
	GlobalSection(SolutionConfigurationPlatforms) = preSolution
		Debug|Any CPU = Debug|Any CPU
		Release|Any CPU = Release|Any CPU
	EndGlobalSection
	GlobalSection(ProjectConfigurationPlatforms) = postSolution
		{B9C86DD3-DC7C-6452-9E3B-FBEF0B0C208F}.Debug|Any CPU.ActiveCfg = Debug|Any CPU
		{B9C86DD3-DC7C-6452-9E3B-FBEF0B0C208F}.Debug|Any CPU.Build.0 = Debug|Any CPU
		{B9C86DD3-DC7C-6452-9E3B-FBEF0B0C208F}.Release|Any CPU.ActiveCfg = Release|Any CPU
		{B9C86DD3-DC7C-6452-9E3B-FBEF0B0C208F}.Release|Any CPU.Build.0 = Release|Any CPU
		{055EE258-B7A0-3941-AD86-E40B66B1734E}.Debug|Any CPU.ActiveCfg = Debug|Any CPU
		{055EE258-B7A0-3941-AD86-E40B66B1734E}.Debug|Any CPU.Build.0 = Debug|Any CPU
		{055EE258-B7A0-3941-AD86-E40B66B1734E}.Release|Any CPU.ActiveCfg = Release|Any CPU
		{055EE258-B7A0-3941-AD86-E40B66B1734E}.Release|Any CPU.Build.0 = Release|Any CPU
	EndGlobalSection
	GlobalSection(SolutionProperties) = preSolution
		HideSolutionNode = FALSE
	EndGlobalSection
	GlobalSection(MonoDevelopProperties) = preSolution
		StartupItem = Assembly-CSharp.csproj
	EndGlobalSection
EndGlobal
